
Microsoft Visual Studio Solution File, Format Version 12.00
# Visual Studio Version 16
VisualStudioVersion = 16.0.28803.202
MinimumVisualStudioVersion = 10.0.40219.1
Project("{FAE04EC0-301F-11D3-BF4B-00C04F79EFBC}") = "Testtt", "Testtt\Testtt.csproj", "{9A58E63E-E120-4C7A-826F-E1B5730827AF}"
EndProject
Global
	GlobalSection(SolutionConfigurationPlatforms) = preSolution
		Debug|Any CPU = Debug|Any CPU
		Release|Any CPU = Release|Any CPU
	EndGlobalSection
	GlobalSection(ProjectConfigurationPlatforms) = postSolution
		{9A58E63E-E120-4C7A-826F-E1B5730827AF}.Debug|Any CPU.ActiveCfg = Debug|Any CPU
		{9A58E63E-E120-4C7A-826F-E1B5730827AF}.Debug|Any CPU.Build.0 = Debug|Any CPU
		{9A58E63E-E120-4C7A-826F-E1B5730827AF}.Release|Any CPU.ActiveCfg = Release|Any CPU
		{9A58E63E-E120-4C7A-826F-E1B5730827AF}.Release|Any CPU.Build.0 = Release|Any CPU
	EndGlobalSection
	GlobalSection(SolutionProperties) = preSolution
		HideSolutionNode = FALSE
	EndGlobalSection
	GlobalSection(ExtensibilityGlobals) = postSolution
		SolutionGuid = {B7E1E16F-7556-4B09-B84B-5B63AB4AF9C4}
	EndGlobalSection
EndGlobal
